
Microsoft Visual Studio Solution File, Format Version 12.00
# Visual Studio Version 16
VisualStudioVersion = 16.0.30621.155
MinimumVisualStudioVersion = 10.0.40219.1
Project("{FAE04EC0-301F-11D3-BF4B-00C04F79EFBC}") = "LV1-ZAD2", "LV1-ZAD2.csproj", "{27C0EE09-263D-4F1C-BF13-EF5633F14946}"
EndProject
Global
	GlobalSection(SolutionConfigurationPlatforms) = preSolution
		Debug|Any CPU = Debug|Any CPU
		Release|Any CPU = Release|Any CPU
	EndGlobalSection
	GlobalSection(ProjectConfigurationPlatforms) = postSolution
		{27C0EE09-263D-4F1C-BF13-EF5633F14946}.Debug|Any CPU.ActiveCfg = Debug|Any CPU
		{27C0EE09-263D-4F1C-BF13-EF5633F14946}.Debug|Any CPU.Build.0 = Debug|Any CPU
		{27C0EE09-263D-4F1C-BF13-EF5633F14946}.Release|Any CPU.ActiveCfg = Release|Any CPU
		{27C0EE09-263D-4F1C-BF13-EF5633F14946}.Release|Any CPU.Build.0 = Release|Any CPU
	EndGlobalSection
	GlobalSection(SolutionProperties) = preSolution
		HideSolutionNode = FALSE
	EndGlobalSection
	GlobalSection(ExtensibilityGlobals) = postSolution
		SolutionGuid = {F7E8ED0D-2A8B-4B4E-83EB-4A947C8C2CA6}
	EndGlobalSection
EndGlobal
